
Microsoft Visual Studio Solution File, Format Version 12.00
# Visual Studio Version 16
VisualStudioVersion = 16.0.31702.278
MinimumVisualStudioVersion = 10.0.40219.1
Project("{FAE04EC0-301F-11D3-BF4B-00C04F79EFBC}") = "WindowsFormsAppasd", "WindowsFormsAppasd\WindowsFormsAppasd.csproj", "{6A6AA901-239C-4C98-A5E1-60F379BC14AA}"
EndProject
Global
	GlobalSection(SolutionConfigurationPlatforms) = preSolution
		Debug|Any CPU = Debug|Any CPU
		Release|Any CPU = Release|Any CPU
	EndGlobalSection
	GlobalSection(ProjectConfigurationPlatforms) = postSolution
		{6A6AA901-239C-4C98-A5E1-60F379BC14AA}.Debug|Any CPU.ActiveCfg = Debug|Any CPU
		{6A6AA901-239C-4C98-A5E1-60F379BC14AA}.Debug|Any CPU.Build.0 = Debug|Any CPU
		{6A6AA901-239C-4C98-A5E1-60F379BC14AA}.Release|Any CPU.ActiveCfg = Release|Any CPU
		{6A6AA901-239C-4C98-A5E1-60F379BC14AA}.Release|Any CPU.Build.0 = Release|Any CPU
	EndGlobalSection
	GlobalSection(SolutionProperties) = preSolution
		HideSolutionNode = FALSE
	EndGlobalSection
	GlobalSection(ExtensibilityGlobals) = postSolution
		SolutionGuid = {D7370922-353D-40E1-895E-9F12806EAB0A}
	EndGlobalSection
EndGlobal
